
Microsoft Visual Studio Solution File, Format Version 12.00
# Visual Studio Version 17
VisualStudioVersion = 17.10.35013.160
MinimumVisualStudioVersion = 10.0.40219.1
Project("{FAE04EC0-301F-11D3-BF4B-00C04F79EFBC}") = "PM02Exam", "PM02Exam\PM02Exam.csproj", "{6793B5DD-B13E-4C6F-8FD4-7A1BD62544BA}"
EndProject
Global
	GlobalSection(SolutionConfigurationPlatforms) = preSolution
		Debug|Any CPU = Debug|Any CPU
		Release|Any CPU = Release|Any CPU
	EndGlobalSection
	GlobalSection(ProjectConfigurationPlatforms) = postSolution
		{6793B5DD-B13E-4C6F-8FD4-7A1BD62544BA}.Debug|Any CPU.ActiveCfg = Debug|Any CPU
		{6793B5DD-B13E-4C6F-8FD4-7A1BD62544BA}.Debug|Any CPU.Build.0 = Debug|Any CPU
		{6793B5DD-B13E-4C6F-8FD4-7A1BD62544BA}.Release|Any CPU.ActiveCfg = Release|Any CPU
		{6793B5DD-B13E-4C6F-8FD4-7A1BD62544BA}.Release|Any CPU.Build.0 = Release|Any CPU
	EndGlobalSection
	GlobalSection(SolutionProperties) = preSolution
		HideSolutionNode = FALSE
	EndGlobalSection
	GlobalSection(ExtensibilityGlobals) = postSolution
		SolutionGuid = {FE188DCC-866C-453C-97EC-769464ACB95C}
	EndGlobalSection
EndGlobal
