
Microsoft Visual Studio Solution File, Format Version 12.00
# Visual Studio Version 17
VisualStudioVersion = 17.10.35013.160
MinimumVisualStudioVersion = 10.0.40219.1
Project("{FAE04EC0-301F-11D3-BF4B-00C04F79EFBC}") = "PM02_421_Maslo", "PM02_421_Maslo\PM02_421_Maslo.csproj", "{3724008F-8D3C-4DD6-910D-32CB27383230}"
EndProject
Global
	GlobalSection(SolutionConfigurationPlatforms) = preSolution
		Debug|Any CPU = Debug|Any CPU
		Release|Any CPU = Release|Any CPU
	EndGlobalSection
	GlobalSection(ProjectConfigurationPlatforms) = postSolution
		{3724008F-8D3C-4DD6-910D-32CB27383230}.Debug|Any CPU.ActiveCfg = Debug|Any CPU
		{3724008F-8D3C-4DD6-910D-32CB27383230}.Debug|Any CPU.Build.0 = Debug|Any CPU
		{3724008F-8D3C-4DD6-910D-32CB27383230}.Release|Any CPU.ActiveCfg = Release|Any CPU
		{3724008F-8D3C-4DD6-910D-32CB27383230}.Release|Any CPU.Build.0 = Release|Any CPU
	EndGlobalSection
	GlobalSection(SolutionProperties) = preSolution
		HideSolutionNode = FALSE
	EndGlobalSection
	GlobalSection(ExtensibilityGlobals) = postSolution
		SolutionGuid = {B12FB18E-8E62-4744-8D08-3FEA37C5C81D}
	EndGlobalSection
EndGlobal
